// !$*UTF8*$!
{
	archiveVersion = 1;
	classes = {
	};
	objectVersion = 56;
	objects = {

/* Begin PBXBuildFile section */
		7B71E7412A9330C6001B5D2C /* AppDelegate.swift in Sources */ = {isa = PBXBuildFile; fileRef = 7B71E7402A9330C6001B5D2C /* AppDelegate.swift */; };
		7B71E7432A9330C6001B5D2C /* SceneDelegate.swift in Sources */ = {isa = PBXBuildFile; fileRef = 7B71E7422A9330C6001B5D2C /* SceneDelegate.swift */; };
		7B71E74A2A9330C7001B5D2C /* Assets.xcassets in Resources */ = {isa = PBXBuildFile; fileRef = 7B71E7492A9330C7001B5D2C /* Assets.xcassets */; };
		7B71E74D2A9330C7001B5D2C /* LaunchScreen.storyboard in Resources */ = {isa = PBXBuildFile; fileRef = 7B71E74B2A9330C7001B5D2C /* LaunchScreen.storyboard */; };
		7B71E7562A933BF5001B5D2C /* RxBlocking in Frameworks */ = {isa = PBXBuildFile; productRef = 7B71E7552A933BF5001B5D2C /* RxBlocking */; };
		7B71E7582A933BF5001B5D2C /* RxCocoa in Frameworks */ = {isa = PBXBuildFile; productRef = 7B71E7572A933BF5001B5D2C /* RxCocoa */; };
		7B71E75A2A933BF5001B5D2C /* RxRelay in Frameworks */ = {isa = PBXBuildFile; productRef = 7B71E7592A933BF5001B5D2C /* RxRelay */; };
		7B71E75C2A933BF5001B5D2C /* RxSwift in Frameworks */ = {isa = PBXBuildFile; productRef = 7B71E75B2A933BF5001B5D2C /* RxSwift */; };
		7B71E75F2A933C18001B5D2C /* FlexLayout in Frameworks */ = {isa = PBXBuildFile; productRef = 7B71E75E2A933C18001B5D2C /* FlexLayout */; };
		7B71E7612A933C18001B5D2C /* FlexLayoutYoga in Frameworks */ = {isa = PBXBuildFile; productRef = 7B71E7602A933C18001B5D2C /* FlexLayoutYoga */; };
		7B71E7632A933C18001B5D2C /* FlexLayoutYogaKit in Frameworks */ = {isa = PBXBuildFile; productRef = 7B71E7622A933C18001B5D2C /* FlexLayoutYogaKit */; };
		7B71E7662A933C25001B5D2C /* PinLayout in Frameworks */ = {isa = PBXBuildFile; productRef = 7B71E7652A933C25001B5D2C /* PinLayout */; };
		7BA36C8E2A9C4B33000DAB02 /* ViewModelType.swift in Sources */ = {isa = PBXBuildFile; fileRef = 7BA36C8D2A9C4B33000DAB02 /* ViewModelType.swift */; };
		7BA36C902A9C4BB3000DAB02 /* ChatRoomListViewModel.swift in Sources */ = {isa = PBXBuildFile; fileRef = 7BA36C8F2A9C4BB3000DAB02 /* ChatRoomListViewModel.swift */; };
		7BA36C982A9C503C000DAB02 /* FetchChatRoomsUseCase.swift in Sources */ = {isa = PBXBuildFile; fileRef = 7BA36C972A9C503C000DAB02 /* FetchChatRoomsUseCase.swift */; };
		7BA36C9B2A9C5091000DAB02 /* ChatRoom.swift in Sources */ = {isa = PBXBuildFile; fileRef = 7BA36C9A2A9C5091000DAB02 /* ChatRoom.swift */; };
		7BA36C9D2A9C5105000DAB02 /* Chat.swift in Sources */ = {isa = PBXBuildFile; fileRef = 7BA36C9C2A9C5105000DAB02 /* Chat.swift */; };
		7BA36C9F2A9C6229000DAB02 /* LeaveChatRoomUseCase.swift in Sources */ = {isa = PBXBuildFile; fileRef = 7BA36C9E2A9C6229000DAB02 /* LeaveChatRoomUseCase.swift */; };
		7BB2C23F2A98512400AA2328 /* AppCoordinator.swift in Sources */ = {isa = PBXBuildFile; fileRef = 7BB2C23E2A98512400AA2328 /* AppCoordinator.swift */; };
		7BB2C2412A9851B600AA2328 /* Coordinator.swift in Sources */ = {isa = PBXBuildFile; fileRef = 7BB2C2402A9851B600AA2328 /* Coordinator.swift */; };
		7BB2C2472A98549D00AA2328 /* TabBarCoordinator.swift in Sources */ = {isa = PBXBuildFile; fileRef = 7BB2C2462A98549D00AA2328 /* TabBarCoordinator.swift */; };
		7BB2C2492A98560E00AA2328 /* TabBarPageType.swift in Sources */ = {isa = PBXBuildFile; fileRef = 7BB2C2482A98560E00AA2328 /* TabBarPageType.swift */; };
		7BB2C24D2A985A4200AA2328 /* ChatCoordinator.swift in Sources */ = {isa = PBXBuildFile; fileRef = 7BB2C24C2A985A4200AA2328 /* ChatCoordinator.swift */; };
		7BB2C2522A99AB4500AA2328 /* ChatRoomListViewController.swift in Sources */ = {isa = PBXBuildFile; fileRef = 7BB2C2512A99AB4500AA2328 /* ChatRoomListViewController.swift */; };
		7C86EEF22A949C2400C5EB6E /* .swiftlint.yml in Resources */ = {isa = PBXBuildFile; fileRef = 7C86EEF12A949C2400C5EB6E /* .swiftlint.yml */; };
/* End PBXBuildFile section */

/* Begin PBXFileReference section */
		7B71E73D2A9330C6001B5D2C /* Bridge.app */ = {isa = PBXFileReference; explicitFileType = wrapper.application; includeInIndex = 0; path = Bridge.app; sourceTree = BUILT_PRODUCTS_DIR; };
		7B71E7402A9330C6001B5D2C /* AppDelegate.swift */ = {isa = PBXFileReference; lastKnownFileType = sourcecode.swift; path = AppDelegate.swift; sourceTree = "<group>"; };
		7B71E7422A9330C6001B5D2C /* SceneDelegate.swift */ = {isa = PBXFileReference; lastKnownFileType = sourcecode.swift; path = SceneDelegate.swift; sourceTree = "<group>"; };
		7B71E7492A9330C7001B5D2C /* Assets.xcassets */ = {isa = PBXFileReference; lastKnownFileType = folder.assetcatalog; path = Assets.xcassets; sourceTree = "<group>"; };
		7B71E74C2A9330C7001B5D2C /* Base */ = {isa = PBXFileReference; lastKnownFileType = file.storyboard; name = Base; path = Base.lproj/LaunchScreen.storyboard; sourceTree = "<group>"; };
		7B71E74E2A9330C7001B5D2C /* Info.plist */ = {isa = PBXFileReference; lastKnownFileType = text.plist.xml; path = Info.plist; sourceTree = "<group>"; };
		7BA36C8D2A9C4B33000DAB02 /* ViewModelType.swift */ = {isa = PBXFileReference; lastKnownFileType = sourcecode.swift; path = ViewModelType.swift; sourceTree = "<group>"; };
		7BA36C8F2A9C4BB3000DAB02 /* ChatRoomListViewModel.swift */ = {isa = PBXFileReference; lastKnownFileType = sourcecode.swift; path = ChatRoomListViewModel.swift; sourceTree = "<group>"; };
		7BA36C972A9C503C000DAB02 /* FetchChatRoomsUseCase.swift */ = {isa = PBXFileReference; lastKnownFileType = sourcecode.swift; path = FetchChatRoomsUseCase.swift; sourceTree = "<group>"; };
		7BA36C9A2A9C5091000DAB02 /* ChatRoom.swift */ = {isa = PBXFileReference; lastKnownFileType = sourcecode.swift; path = ChatRoom.swift; sourceTree = "<group>"; };
		7BA36C9C2A9C5105000DAB02 /* Chat.swift */ = {isa = PBXFileReference; lastKnownFileType = sourcecode.swift; path = Chat.swift; sourceTree = "<group>"; };
		7BA36C9E2A9C6229000DAB02 /* LeaveChatRoomUseCase.swift */ = {isa = PBXFileReference; lastKnownFileType = sourcecode.swift; path = LeaveChatRoomUseCase.swift; sourceTree = "<group>"; };
		7BB2C23E2A98512400AA2328 /* AppCoordinator.swift */ = {isa = PBXFileReference; lastKnownFileType = sourcecode.swift; path = AppCoordinator.swift; sourceTree = "<group>"; };
		7BB2C2402A9851B600AA2328 /* Coordinator.swift */ = {isa = PBXFileReference; lastKnownFileType = sourcecode.swift; path = Coordinator.swift; sourceTree = "<group>"; };
		7BB2C2462A98549D00AA2328 /* TabBarCoordinator.swift */ = {isa = PBXFileReference; lastKnownFileType = sourcecode.swift; path = TabBarCoordinator.swift; sourceTree = "<group>"; };
		7BB2C2482A98560E00AA2328 /* TabBarPageType.swift */ = {isa = PBXFileReference; lastKnownFileType = sourcecode.swift; path = TabBarPageType.swift; sourceTree = "<group>"; };
		7BB2C24C2A985A4200AA2328 /* ChatCoordinator.swift */ = {isa = PBXFileReference; lastKnownFileType = sourcecode.swift; path = ChatCoordinator.swift; sourceTree = "<group>"; };
		7BB2C2512A99AB4500AA2328 /* ChatRoomListViewController.swift */ = {isa = PBXFileReference; lastKnownFileType = sourcecode.swift; name = ChatRoomListViewController.swift; path = Bridge/Sources/Presenter/Tab/Chat/ChatRoomList/ChatRoomListViewController.swift; sourceTree = SOURCE_ROOT; };
		7C86EEF12A949C2400C5EB6E /* .swiftlint.yml */ = {isa = PBXFileReference; lastKnownFileType = text.yaml; path = .swiftlint.yml; sourceTree = "<group>"; };
/* End PBXFileReference section */

/* Begin PBXFrameworksBuildPhase section */
		7B71E73A2A9330C6001B5D2C /* Frameworks */ = {
			isa = PBXFrameworksBuildPhase;
			buildActionMask = 2147483647;
			files = (
				7B71E75A2A933BF5001B5D2C /* RxRelay in Frameworks */,
				7B71E7582A933BF5001B5D2C /* RxCocoa in Frameworks */,
				7B71E75F2A933C18001B5D2C /* FlexLayout in Frameworks */,
				7B71E7632A933C18001B5D2C /* FlexLayoutYogaKit in Frameworks */,
				7B71E75C2A933BF5001B5D2C /* RxSwift in Frameworks */,
				7B71E7562A933BF5001B5D2C /* RxBlocking in Frameworks */,
				7B71E7662A933C25001B5D2C /* PinLayout in Frameworks */,
				7B71E7612A933C18001B5D2C /* FlexLayoutYoga in Frameworks */,
			);
			runOnlyForDeploymentPostprocessing = 0;
		};
/* End PBXFrameworksBuildPhase section */

/* Begin PBXGroup section */
		7B71E7342A9330C6001B5D2C = {
			isa = PBXGroup;
			children = (
				7B71E73F2A9330C6001B5D2C /* Bridge */,
				7C86EEF12A949C2400C5EB6E /* .swiftlint.yml */,
				7B71E73E2A9330C6001B5D2C /* Products */,
			);
			sourceTree = "<group>";
		};
		7B71E73E2A9330C6001B5D2C /* Products */ = {
			isa = PBXGroup;
			children = (
				7B71E73D2A9330C6001B5D2C /* Bridge.app */,
			);
			name = Products;
			sourceTree = "<group>";
		};
		7B71E73F2A9330C6001B5D2C /* Bridge */ = {
			isa = PBXGroup;
			children = (
				7B71E76B2A935D4D001B5D2C /* Resources */,
				7BB2C2422A98538000AA2328 /* Sources */,
			);
			path = Bridge;
			sourceTree = "<group>";
		};
		7B71E76A2A935D20001B5D2C /* App */ = {
			isa = PBXGroup;
			children = (
				7B71E7402A9330C6001B5D2C /* AppDelegate.swift */,
				7B71E7422A9330C6001B5D2C /* SceneDelegate.swift */,
				7BB2C2402A9851B600AA2328 /* Coordinator.swift */,
				7BB2C23E2A98512400AA2328 /* AppCoordinator.swift */,
			);
			path = App;
			sourceTree = "<group>";
		};
		7B71E76B2A935D4D001B5D2C /* Resources */ = {
			isa = PBXGroup;
			children = (
				7B71E74B2A9330C7001B5D2C /* LaunchScreen.storyboard */,
				7B71E7492A9330C7001B5D2C /* Assets.xcassets */,
				7B71E74E2A9330C7001B5D2C /* Info.plist */,
			);
			path = Resources;
			sourceTree = "<group>";
		};
		7BA36C8C2A9C4B20000DAB02 /* Common */ = {
			isa = PBXGroup;
			children = (
				7BA36C8D2A9C4B33000DAB02 /* ViewModelType.swift */,
			);
			path = Common;
			sourceTree = "<group>";
		};
		7BA36C912A9C4CD9000DAB02 /* Domain */ = {
			isa = PBXGroup;
			children = (
				7BA36C922A9C4CE5000DAB02 /* Entities */,
				7BA36C932A9C4CF4000DAB02 /* Repositories */,
				7BA36C942A9C4CFF000DAB02 /* UseCases */,
			);
			path = Domain;
			sourceTree = "<group>";
		};
		7BA36C922A9C4CE5000DAB02 /* Entities */ = {
			isa = PBXGroup;
			children = (
				7BA36C992A9C5081000DAB02 /* Chat */,
			);
			path = Entities;
			sourceTree = "<group>";
		};
		7BA36C932A9C4CF4000DAB02 /* Repositories */ = {
			isa = PBXGroup;
			children = (
			);
			path = Repositories;
			sourceTree = "<group>";
		};
		7BA36C942A9C4CFF000DAB02 /* UseCases */ = {
			isa = PBXGroup;
			children = (
				7BA36C952A9C4D0F000DAB02 /* Chat */,
			);
			path = UseCases;
			sourceTree = "<group>";
		};
		7BA36C952A9C4D0F000DAB02 /* Chat */ = {
			isa = PBXGroup;
			children = (
				7BA36C962A9C4D5A000DAB02 /* ChatRoom */,
			);
			path = Chat;
			sourceTree = "<group>";
		};
		7BA36C962A9C4D5A000DAB02 /* ChatRoom */ = {
			isa = PBXGroup;
			children = (
				7BA36C972A9C503C000DAB02 /* FetchChatRoomsUseCase.swift */,
				7BA36C9E2A9C6229000DAB02 /* LeaveChatRoomUseCase.swift */,
			);
			path = ChatRoom;
			sourceTree = "<group>";
		};
		7BA36C992A9C5081000DAB02 /* Chat */ = {
			isa = PBXGroup;
			children = (
				7BA36C9C2A9C5105000DAB02 /* Chat.swift */,
				7BA36C9A2A9C5091000DAB02 /* ChatRoom.swift */,
			);
			path = Chat;
			sourceTree = "<group>";
		};
		7BB2C2422A98538000AA2328 /* Sources */ = {
			isa = PBXGroup;
			children = (
				7B71E76A2A935D20001B5D2C /* App */,
				7BA36C912A9C4CD9000DAB02 /* Domain */,
				7BB2C2432A98540A00AA2328 /* Presenter */,
			);
			path = Sources;
			sourceTree = "<group>";
		};
		7BB2C2432A98540A00AA2328 /* Presenter */ = {
			isa = PBXGroup;
			children = (
				7BA36C8C2A9C4B20000DAB02 /* Common */,
				7BB2C2452A98546400AA2328 /* Tab */,
			);
			path = Presenter;
			sourceTree = "<group>";
		};
		7BB2C2442A98542700AA2328 /* Coordinator */ = {
			isa = PBXGroup;
			children = (
				7BB2C2462A98549D00AA2328 /* TabBarCoordinator.swift */,
				7BB2C2482A98560E00AA2328 /* TabBarPageType.swift */,
			);
			path = Coordinator;
			sourceTree = "<group>";
		};
		7BB2C2452A98546400AA2328 /* Tab */ = {
			isa = PBXGroup;
			children = (
				7BB2C2442A98542700AA2328 /* Coordinator */,
				7BB2C24A2A985A0400AA2328 /* Chat */,
			);
			path = Tab;
			sourceTree = "<group>";
		};
		7BB2C24A2A985A0400AA2328 /* Chat */ = {
			isa = PBXGroup;
			children = (
				7BB2C24B2A985A2200AA2328 /* Coordinator */,
				7BB2C24E2A985AB500AA2328 /* ChatRoomList */,
			);
			path = Chat;
			sourceTree = "<group>";
		};
		7BB2C24B2A985A2200AA2328 /* Coordinator */ = {
			isa = PBXGroup;
			children = (
				7BB2C24C2A985A4200AA2328 /* ChatCoordinator.swift */,
			);
			path = Coordinator;
			sourceTree = "<group>";
		};
		7BB2C24E2A985AB500AA2328 /* ChatRoomList */ = {
			isa = PBXGroup;
			children = (
				7BA36C8F2A9C4BB3000DAB02 /* ChatRoomListViewModel.swift */,
				7BB2C2512A99AB4500AA2328 /* ChatRoomListViewController.swift */,
			);
			path = ChatRoomList;
			sourceTree = "<group>";
		};
/* End PBXGroup section */

/* Begin PBXNativeTarget section */
		7B71E73C2A9330C6001B5D2C /* Bridge */ = {
			isa = PBXNativeTarget;
			buildConfigurationList = 7B71E7512A9330C7001B5D2C /* Build configuration list for PBXNativeTarget "Bridge" */;
			buildPhases = (
				7B71E7672A933D27001B5D2C /* SwiftLint Run Script */,
				7B71E7392A9330C6001B5D2C /* Sources */,
				7B71E73A2A9330C6001B5D2C /* Frameworks */,
				7B71E73B2A9330C6001B5D2C /* Resources */,
			);
			buildRules = (
			);
			dependencies = (
			);
			name = Bridge;
			packageProductDependencies = (
				7B71E7552A933BF5001B5D2C /* RxBlocking */,
				7B71E7572A933BF5001B5D2C /* RxCocoa */,
				7B71E7592A933BF5001B5D2C /* RxRelay */,
				7B71E75B2A933BF5001B5D2C /* RxSwift */,
				7B71E75E2A933C18001B5D2C /* FlexLayout */,
				7B71E7602A933C18001B5D2C /* FlexLayoutYoga */,
				7B71E7622A933C18001B5D2C /* FlexLayoutYogaKit */,
				7B71E7652A933C25001B5D2C /* PinLayout */,
			);
			productName = Bridge;
			productReference = 7B71E73D2A9330C6001B5D2C /* Bridge.app */;
			productType = "com.apple.product-type.application";
		};
/* End PBXNativeTarget section */

/* Begin PBXProject section */
		7B71E7352A9330C6001B5D2C /* Project object */ = {
			isa = PBXProject;
			attributes = {
				BuildIndependentTargetsInParallel = 1;
				LastSwiftUpdateCheck = 1430;
				LastUpgradeCheck = 1430;
				TargetAttributes = {
					7B71E73C2A9330C6001B5D2C = {
						CreatedOnToolsVersion = 14.3.1;
					};
				};
			};
			buildConfigurationList = 7B71E7382A9330C6001B5D2C /* Build configuration list for PBXProject "Bridge" */;
			compatibilityVersion = "Xcode 14.0";
			developmentRegion = en;
			hasScannedForEncodings = 0;
			knownRegions = (
				en,
				Base,
			);
			mainGroup = 7B71E7342A9330C6001B5D2C;
			packageReferences = (
				7B71E7542A933BF5001B5D2C /* XCRemoteSwiftPackageReference "RxSwift" */,
				7B71E75D2A933C18001B5D2C /* XCRemoteSwiftPackageReference "FlexLayout" */,
				7B71E7642A933C25001B5D2C /* XCRemoteSwiftPackageReference "PinLayout" */,
			);
			productRefGroup = 7B71E73E2A9330C6001B5D2C /* Products */;
			projectDirPath = "";
			projectRoot = "";
			targets = (
				7B71E73C2A9330C6001B5D2C /* Bridge */,
			);
		};
/* End PBXProject section */

/* Begin PBXResourcesBuildPhase section */
		7B71E73B2A9330C6001B5D2C /* Resources */ = {
			isa = PBXResourcesBuildPhase;
			buildActionMask = 2147483647;
			files = (
				7C86EEF22A949C2400C5EB6E /* .swiftlint.yml in Resources */,
				7B71E74D2A9330C7001B5D2C /* LaunchScreen.storyboard in Resources */,
				7B71E74A2A9330C7001B5D2C /* Assets.xcassets in Resources */,
			);
			runOnlyForDeploymentPostprocessing = 0;
		};
/* End PBXResourcesBuildPhase section */

/* Begin PBXShellScriptBuildPhase section */
		7B71E7672A933D27001B5D2C /* SwiftLint Run Script */ = {
			isa = PBXShellScriptBuildPhase;
			alwaysOutOfDate = 1;
			buildActionMask = 2147483647;
			files = (
			);
			inputFileListPaths = (
			);
			inputPaths = (
			);
			name = "SwiftLint Run Script";
			outputFileListPaths = (
			);
			outputPaths = (
			);
			runOnlyForDeploymentPostprocessing = 0;
			shellPath = /bin/sh;
			shellScript = "if test -d \"/opt/homebrew/bin/\"; then\n  PATH=\"/opt/homebrew/bin/:${PATH}\"\nfi\n\nexport PATH\n\nif which swiftlint >/dev/null; then\n  swiftlint\nelse\n  echo \"warning: SwiftLint not installed, download from https://github.com/realm/SwiftLint\"\nfi\n";
		};
/* End PBXShellScriptBuildPhase section */

/* Begin PBXSourcesBuildPhase section */
		7B71E7392A9330C6001B5D2C /* Sources */ = {
			isa = PBXSourcesBuildPhase;
			buildActionMask = 2147483647;
			files = (
				7BA36C9D2A9C5105000DAB02 /* Chat.swift in Sources */,
				7BB2C23F2A98512400AA2328 /* AppCoordinator.swift in Sources */,
				7BA36C902A9C4BB3000DAB02 /* ChatRoomListViewModel.swift in Sources */,
				7BB2C2472A98549D00AA2328 /* TabBarCoordinator.swift in Sources */,
				7BB2C2412A9851B600AA2328 /* Coordinator.swift in Sources */,
				7BA36C982A9C503C000DAB02 /* FetchChatRoomsUseCase.swift in Sources */,
				7BB2C2522A99AB4500AA2328 /* ChatRoomListViewController.swift in Sources */,
				7BA36C9B2A9C5091000DAB02 /* ChatRoom.swift in Sources */,
				7B71E7412A9330C6001B5D2C /* AppDelegate.swift in Sources */,
				7B71E7432A9330C6001B5D2C /* SceneDelegate.swift in Sources */,
				7BB2C24D2A985A4200AA2328 /* ChatCoordinator.swift in Sources */,
				7BB2C2492A98560E00AA2328 /* TabBarPageType.swift in Sources */,
				7BA36C9F2A9C6229000DAB02 /* LeaveChatRoomUseCase.swift in Sources */,
				7BA36C8E2A9C4B33000DAB02 /* ViewModelType.swift in Sources */,
			);
			runOnlyForDeploymentPostprocessing = 0;
		};
/* End PBXSourcesBuildPhase section */

/* Begin PBXVariantGroup section */
		7B71E74B2A9330C7001B5D2C /* LaunchScreen.storyboard */ = {
			isa = PBXVariantGroup;
			children = (
				7B71E74C2A9330C7001B5D2C /* Base */,
			);
			name = LaunchScreen.storyboard;
			sourceTree = "<group>";
		};
/* End PBXVariantGroup section */

/* Begin XCBuildConfiguration section */
		7B71E74F2A9330C7001B5D2C /* Debug */ = {
			isa = XCBuildConfiguration;
			buildSettings = {
				ALWAYS_SEARCH_USER_PATHS = NO;
				CLANG_ANALYZER_NONNULL = YES;
				CLANG_ANALYZER_NUMBER_OBJECT_CONVERSION = YES_AGGRESSIVE;
				CLANG_CXX_LANGUAGE_STANDARD = "gnu++20";
				CLANG_ENABLE_MODULES = YES;
				CLANG_ENABLE_OBJC_ARC = YES;
				CLANG_ENABLE_OBJC_WEAK = YES;
				CLANG_WARN_BLOCK_CAPTURE_AUTORELEASING = YES;
				CLANG_WARN_BOOL_CONVERSION = YES;
				CLANG_WARN_COMMA = YES;
				CLANG_WARN_CONSTANT_CONVERSION = YES;
				CLANG_WARN_DEPRECATED_OBJC_IMPLEMENTATIONS = YES;
				CLANG_WARN_DIRECT_OBJC_ISA_USAGE = YES_ERROR;
				CLANG_WARN_DOCUMENTATION_COMMENTS = YES;
				CLANG_WARN_EMPTY_BODY = YES;
				CLANG_WARN_ENUM_CONVERSION = YES;
				CLANG_WARN_INFINITE_RECURSION = YES;
				CLANG_WARN_INT_CONVERSION = YES;
				CLANG_WARN_NON_LITERAL_NULL_CONVERSION = YES;
				CLANG_WARN_OBJC_IMPLICIT_RETAIN_SELF = YES;
				CLANG_WARN_OBJC_LITERAL_CONVERSION = YES;
				CLANG_WARN_OBJC_ROOT_CLASS = YES_ERROR;
				CLANG_WARN_QUOTED_INCLUDE_IN_FRAMEWORK_HEADER = YES;
				CLANG_WARN_RANGE_LOOP_ANALYSIS = YES;
				CLANG_WARN_STRICT_PROTOTYPES = YES;
				CLANG_WARN_SUSPICIOUS_MOVE = YES;
				CLANG_WARN_UNGUARDED_AVAILABILITY = YES_AGGRESSIVE;
				CLANG_WARN_UNREACHABLE_CODE = YES;
				CLANG_WARN__DUPLICATE_METHOD_MATCH = YES;
				COPY_PHASE_STRIP = NO;
				DEBUG_INFORMATION_FORMAT = dwarf;
				ENABLE_STRICT_OBJC_MSGSEND = YES;
				ENABLE_TESTABILITY = YES;
				GCC_C_LANGUAGE_STANDARD = gnu11;
				GCC_DYNAMIC_NO_PIC = NO;
				GCC_NO_COMMON_BLOCKS = YES;
				GCC_OPTIMIZATION_LEVEL = 0;
				GCC_PREPROCESSOR_DEFINITIONS = (
					"DEBUG=1",
					"$(inherited)",
				);
				GCC_WARN_64_TO_32_BIT_CONVERSION = YES;
				GCC_WARN_ABOUT_RETURN_TYPE = YES_ERROR;
				GCC_WARN_UNDECLARED_SELECTOR = YES;
				GCC_WARN_UNINITIALIZED_AUTOS = YES_AGGRESSIVE;
				GCC_WARN_UNUSED_FUNCTION = YES;
				GCC_WARN_UNUSED_VARIABLE = YES;
				IPHONEOS_DEPLOYMENT_TARGET = 16.4;
				MTL_ENABLE_DEBUG_INFO = INCLUDE_SOURCE;
				MTL_FAST_MATH = YES;
				ONLY_ACTIVE_ARCH = YES;
				SDKROOT = iphoneos;
				SWIFT_ACTIVE_COMPILATION_CONDITIONS = DEBUG;
				SWIFT_OPTIMIZATION_LEVEL = "-Onone";
			};
			name = Debug;
		};
		7B71E7502A9330C7001B5D2C /* Release */ = {
			isa = XCBuildConfiguration;
			buildSettings = {
				ALWAYS_SEARCH_USER_PATHS = NO;
				CLANG_ANALYZER_NONNULL = YES;
				CLANG_ANALYZER_NUMBER_OBJECT_CONVERSION = YES_AGGRESSIVE;
				CLANG_CXX_LANGUAGE_STANDARD = "gnu++20";
				CLANG_ENABLE_MODULES = YES;
				CLANG_ENABLE_OBJC_ARC = YES;
				CLANG_ENABLE_OBJC_WEAK = YES;
				CLANG_WARN_BLOCK_CAPTURE_AUTORELEASING = YES;
				CLANG_WARN_BOOL_CONVERSION = YES;
				CLANG_WARN_COMMA = YES;
				CLANG_WARN_CONSTANT_CONVERSION = YES;
				CLANG_WARN_DEPRECATED_OBJC_IMPLEMENTATIONS = YES;
				CLANG_WARN_DIRECT_OBJC_ISA_USAGE = YES_ERROR;
				CLANG_WARN_DOCUMENTATION_COMMENTS = YES;
				CLANG_WARN_EMPTY_BODY = YES;
				CLANG_WARN_ENUM_CONVERSION = YES;
				CLANG_WARN_INFINITE_RECURSION = YES;
				CLANG_WARN_INT_CONVERSION = YES;
				CLANG_WARN_NON_LITERAL_NULL_CONVERSION = YES;
				CLANG_WARN_OBJC_IMPLICIT_RETAIN_SELF = YES;
				CLANG_WARN_OBJC_LITERAL_CONVERSION = YES;
				CLANG_WARN_OBJC_ROOT_CLASS = YES_ERROR;
				CLANG_WARN_QUOTED_INCLUDE_IN_FRAMEWORK_HEADER = YES;
				CLANG_WARN_RANGE_LOOP_ANALYSIS = YES;
				CLANG_WARN_STRICT_PROTOTYPES = YES;
				CLANG_WARN_SUSPICIOUS_MOVE = YES;
				CLANG_WARN_UNGUARDED_AVAILABILITY = YES_AGGRESSIVE;
				CLANG_WARN_UNREACHABLE_CODE = YES;
				CLANG_WARN__DUPLICATE_METHOD_MATCH = YES;
				COPY_PHASE_STRIP = NO;
				DEBUG_INFORMATION_FORMAT = "dwarf-with-dsym";
				ENABLE_NS_ASSERTIONS = NO;
				ENABLE_STRICT_OBJC_MSGSEND = YES;
				GCC_C_LANGUAGE_STANDARD = gnu11;
				GCC_NO_COMMON_BLOCKS = YES;
				GCC_WARN_64_TO_32_BIT_CONVERSION = YES;
				GCC_WARN_ABOUT_RETURN_TYPE = YES_ERROR;
				GCC_WARN_UNDECLARED_SELECTOR = YES;
				GCC_WARN_UNINITIALIZED_AUTOS = YES_AGGRESSIVE;
				GCC_WARN_UNUSED_FUNCTION = YES;
				GCC_WARN_UNUSED_VARIABLE = YES;
				IPHONEOS_DEPLOYMENT_TARGET = 16.4;
				MTL_ENABLE_DEBUG_INFO = NO;
				MTL_FAST_MATH = YES;
				SDKROOT = iphoneos;
				SWIFT_COMPILATION_MODE = wholemodule;
				SWIFT_OPTIMIZATION_LEVEL = "-O";
				VALIDATE_PRODUCT = YES;
			};
			name = Release;
		};
		7B71E7522A9330C7001B5D2C /* Debug */ = {
			isa = XCBuildConfiguration;
			buildSettings = {
				ASSETCATALOG_COMPILER_APPICON_NAME = AppIcon;
				ASSETCATALOG_COMPILER_GLOBAL_ACCENT_COLOR_NAME = AccentColor;
				CODE_SIGN_IDENTITY = "Apple Development";
				"CODE_SIGN_IDENTITY[sdk=iphoneos*]" = "iPhone Developer";
				CODE_SIGN_STYLE = Manual;
				CURRENT_PROJECT_VERSION = 1;
				DEVELOPMENT_TEAM = "";
				"DEVELOPMENT_TEAM[sdk=iphoneos*]" = K9M6C75JFU;
				GENERATE_INFOPLIST_FILE = YES;
				INFOPLIST_FILE = Bridge/Resources/Info.plist;
				INFOPLIST_KEY_CFBundleDisplayName = "브릿지";
				INFOPLIST_KEY_LSApplicationCategoryType = "public.app-category.education";
				INFOPLIST_KEY_UIApplicationSupportsIndirectInputEvents = YES;
				INFOPLIST_KEY_UILaunchStoryboardName = LaunchScreen.storyboard;
				INFOPLIST_KEY_UISupportedInterfaceOrientations = UIInterfaceOrientationPortrait;
				IPHONEOS_DEPLOYMENT_TARGET = 15.0;
				LD_RUNPATH_SEARCH_PATHS = (
					"$(inherited)",
					"@executable_path/Frameworks",
				);
				MARKETING_VERSION = 1.0;
				PRODUCT_BUNDLE_IDENTIFIER = com.bridge.project;
				PRODUCT_NAME = "$(TARGET_NAME)";
				PROVISIONING_PROFILE_SPECIFIER = "";
				"PROVISIONING_PROFILE_SPECIFIER[sdk=iphoneos*]" = bridge_debug;
				SWIFT_EMIT_LOC_STRINGS = YES;
				SWIFT_VERSION = 5.0;
				TARGETED_DEVICE_FAMILY = "1,2";
			};
			name = Debug;
		};
		7B71E7532A9330C7001B5D2C /* Release */ = {
			isa = XCBuildConfiguration;
			buildSettings = {
				ASSETCATALOG_COMPILER_APPICON_NAME = AppIcon;
				ASSETCATALOG_COMPILER_GLOBAL_ACCENT_COLOR_NAME = AccentColor;
				CODE_SIGN_IDENTITY = "Apple Development";
				"CODE_SIGN_IDENTITY[sdk=iphoneos*]" = "iPhone Distribution";
				CODE_SIGN_STYLE = Manual;
				CURRENT_PROJECT_VERSION = 1;
				DEVELOPMENT_TEAM = "";
				"DEVELOPMENT_TEAM[sdk=iphoneos*]" = K9M6C75JFU;
				GENERATE_INFOPLIST_FILE = YES;
				INFOPLIST_FILE = Bridge/Resources/Info.plist;
				INFOPLIST_KEY_CFBundleDisplayName = "브릿지";
				INFOPLIST_KEY_LSApplicationCategoryType = "public.app-category.education";
				INFOPLIST_KEY_UIApplicationSupportsIndirectInputEvents = YES;
				INFOPLIST_KEY_UILaunchStoryboardName = LaunchScreen.storyboard;
				INFOPLIST_KEY_UISupportedInterfaceOrientations = UIInterfaceOrientationPortrait;
				IPHONEOS_DEPLOYMENT_TARGET = 15.0;
				LD_RUNPATH_SEARCH_PATHS = (
					"$(inherited)",
					"@executable_path/Frameworks",
				);
				MARKETING_VERSION = 1.0;
				PRODUCT_BUNDLE_IDENTIFIER = com.bridge.project;
				PRODUCT_NAME = "$(TARGET_NAME)";
				PROVISIONING_PROFILE_SPECIFIER = "";
				"PROVISIONING_PROFILE_SPECIFIER[sdk=iphoneos*]" = bridge_release;
				SWIFT_EMIT_LOC_STRINGS = YES;
				SWIFT_VERSION = 5.0;
				TARGETED_DEVICE_FAMILY = "1,2";
			};
			name = Release;
		};
/* End XCBuildConfiguration section */

/* Begin XCConfigurationList section */
		7B71E7382A9330C6001B5D2C /* Build configuration list for PBXProject "Bridge" */ = {
			isa = XCConfigurationList;
			buildConfigurations = (
				7B71E74F2A9330C7001B5D2C /* Debug */,
				7B71E7502A9330C7001B5D2C /* Release */,
			);
			defaultConfigurationIsVisible = 0;
			defaultConfigurationName = Release;
		};
		7B71E7512A9330C7001B5D2C /* Build configuration list for PBXNativeTarget "Bridge" */ = {
			isa = XCConfigurationList;
			buildConfigurations = (
				7B71E7522A9330C7001B5D2C /* Debug */,
				7B71E7532A9330C7001B5D2C /* Release */,
			);
			defaultConfigurationIsVisible = 0;
			defaultConfigurationName = Release;
		};
/* End XCConfigurationList section */

/* Begin XCRemoteSwiftPackageReference section */
		7B71E7542A933BF5001B5D2C /* XCRemoteSwiftPackageReference "RxSwift" */ = {
			isa = XCRemoteSwiftPackageReference;
			repositoryURL = "https://github.com/ReactiveX/RxSwift";
			requirement = {
				kind = upToNextMajorVersion;
				minimumVersion = 6.0.0;
			};
		};
		7B71E75D2A933C18001B5D2C /* XCRemoteSwiftPackageReference "FlexLayout" */ = {
			isa = XCRemoteSwiftPackageReference;
			repositoryURL = "https://github.com/layoutBox/FlexLayout";
			requirement = {
				kind = upToNextMajorVersion;
				minimumVersion = 1.0.0;
			};
		};
		7B71E7642A933C25001B5D2C /* XCRemoteSwiftPackageReference "PinLayout" */ = {
			isa = XCRemoteSwiftPackageReference;
			repositoryURL = "https://github.com/layoutBox/PinLayout";
			requirement = {
				kind = upToNextMajorVersion;
				minimumVersion = 1.0.0;
			};
		};
/* End XCRemoteSwiftPackageReference section */

/* Begin XCSwiftPackageProductDependency section */
		7B71E7552A933BF5001B5D2C /* RxBlocking */ = {
			isa = XCSwiftPackageProductDependency;
			package = 7B71E7542A933BF5001B5D2C /* XCRemoteSwiftPackageReference "RxSwift" */;
			productName = RxBlocking;
		};
		7B71E7572A933BF5001B5D2C /* RxCocoa */ = {
			isa = XCSwiftPackageProductDependency;
			package = 7B71E7542A933BF5001B5D2C /* XCRemoteSwiftPackageReference "RxSwift" */;
			productName = RxCocoa;
		};
		7B71E7592A933BF5001B5D2C /* RxRelay */ = {
			isa = XCSwiftPackageProductDependency;
			package = 7B71E7542A933BF5001B5D2C /* XCRemoteSwiftPackageReference "RxSwift" */;
			productName = RxRelay;
		};
		7B71E75B2A933BF5001B5D2C /* RxSwift */ = {
			isa = XCSwiftPackageProductDependency;
			package = 7B71E7542A933BF5001B5D2C /* XCRemoteSwiftPackageReference "RxSwift" */;
			productName = RxSwift;
		};
		7B71E75E2A933C18001B5D2C /* FlexLayout */ = {
			isa = XCSwiftPackageProductDependency;
			package = 7B71E75D2A933C18001B5D2C /* XCRemoteSwiftPackageReference "FlexLayout" */;
			productName = FlexLayout;
		};
		7B71E7602A933C18001B5D2C /* FlexLayoutYoga */ = {
			isa = XCSwiftPackageProductDependency;
			package = 7B71E75D2A933C18001B5D2C /* XCRemoteSwiftPackageReference "FlexLayout" */;
			productName = FlexLayoutYoga;
		};
		7B71E7622A933C18001B5D2C /* FlexLayoutYogaKit */ = {
			isa = XCSwiftPackageProductDependency;
			package = 7B71E75D2A933C18001B5D2C /* XCRemoteSwiftPackageReference "FlexLayout" */;
			productName = FlexLayoutYogaKit;
		};
		7B71E7652A933C25001B5D2C /* PinLayout */ = {
			isa = XCSwiftPackageProductDependency;
			package = 7B71E7642A933C25001B5D2C /* XCRemoteSwiftPackageReference "PinLayout" */;
			productName = PinLayout;
		};
/* End XCSwiftPackageProductDependency section */
	};
	rootObject = 7B71E7352A9330C6001B5D2C /* Project object */;
}
